# THIS IS AN AUTOGENERATED FILE. DO NOT EDIT THIS FILE DIRECTLY.
# yarn lockfile v1


react-parallax@^3.0.3:
  version "3.0.3"
  resolved "https://registry.yarnpkg.com/react-parallax/-/react-parallax-3.0.3.tgz#5550f1e81bf040b240045348cb3b039b73a735ef"
  integrity sha512-kdoMjg5B9nQFh3mTFrnzkr7AoG89L/tq1c98ho3g+11UwfeYePji9D3oeqN/oDtJemWKypnB8OYrzQ/BTazrNA==
